// !$*UTF8*$!
{
	archiveVersion = 1;
	classes = {
	};
	objectVersion = 48;
	objects = {

/* Begin PBXBuildFile section */
		F9BFFECD1FCB17D900A586A5 /* EarthIsm.cpp in Sources */ = {isa = PBXBuildFile; fileRef = F9BFFECB1FCB17D900A586A5 /* EarthIsm.cpp */; };
		F9BFFED11FCB19D200A586A5 /* SelfishIsm.cpp in Sources */ = {isa = PBXBuildFile; fileRef = F9BFFECF1FCB19D200A586A5 /* SelfishIsm.cpp */; };
		F9BFFED51FCB1ABE00A586A5 /* RealityIsm.cpp in Sources */ = {isa = PBXBuildFile; fileRef = F9BFFED31FCB1ABE00A586A5 /* RealityIsm.cpp */; };
		F9BFFEDA1FCB1BFC00A586A5 /* TerrorIsm.cpp in Sources */ = {isa = PBXBuildFile; fileRef = F9BFFED81FCB1BFC00A586A5 /* TerrorIsm.cpp */; };
		F9BFFEDD1FCB1CA500A586A5 /* FantasyIsm.cpp in Sources */ = {isa = PBXBuildFile; fileRef = F9BFFEDB1FCB1CA500A586A5 /* FantasyIsm.cpp */; };
		F9F48BF91FCB110A001E343B /* main.cpp in Sources */ = {isa = PBXBuildFile; fileRef = F9F48BF81FCB110A001E343B /* main.cpp */; };
/* End PBXBuildFile section */

/* Begin PBXCopyFilesBuildPhase section */
		F9F48BF31FCB110A001E343B /* CopyFiles */ = {
			isa = PBXCopyFilesBuildPhase;
			buildActionMask = 2147483647;
			dstPath = /usr/share/man/man1/;
			dstSubfolderSpec = 0;
			files = (
			);
			runOnlyForDeploymentPostprocessing = 1;
		};
/* End PBXCopyFilesBuildPhase section */

/* Begin PBXFileReference section */
		F9999C6B1FCDB03100B35328 /* Define.h */ = {isa = PBXFileReference; lastKnownFileType = sourcecode.c.h; path = Define.h; sourceTree = "<group>"; };
		F9BFFECB1FCB17D900A586A5 /* EarthIsm.cpp */ = {isa = PBXFileReference; fileEncoding = 4; lastKnownFileType = sourcecode.cpp.cpp; path = EarthIsm.cpp; sourceTree = "<group>"; };
		F9BFFECC1FCB17D900A586A5 /* EarthIsm.h */ = {isa = PBXFileReference; fileEncoding = 4; lastKnownFileType = sourcecode.c.h; path = EarthIsm.h; sourceTree = "<group>"; };
		F9BFFECF1FCB19D200A586A5 /* SelfishIsm.cpp */ = {isa = PBXFileReference; lastKnownFileType = sourcecode.cpp.cpp; path = SelfishIsm.cpp; sourceTree = "<group>"; };
		F9BFFED01FCB19D200A586A5 /* SelfishIsm.h */ = {isa = PBXFileReference; lastKnownFileType = sourcecode.c.h; path = SelfishIsm.h; sourceTree = "<group>"; };
		F9BFFED31FCB1ABE00A586A5 /* RealityIsm.cpp */ = {isa = PBXFileReference; lastKnownFileType = sourcecode.cpp.cpp; path = RealityIsm.cpp; sourceTree = "<group>"; };
		F9BFFED41FCB1ABE00A586A5 /* RealityIsm.h */ = {isa = PBXFileReference; lastKnownFileType = sourcecode.c.h; path = RealityIsm.h; sourceTree = "<group>"; };
		F9BFFED81FCB1BFC00A586A5 /* TerrorIsm.cpp */ = {isa = PBXFileReference; lastKnownFileType = sourcecode.cpp.cpp; path = TerrorIsm.cpp; sourceTree = "<group>"; };
		F9BFFED91FCB1BFC00A586A5 /* TerrorIsm.h */ = {isa = PBXFileReference; lastKnownFileType = sourcecode.c.h; path = TerrorIsm.h; sourceTree = "<group>"; };
		F9BFFEDB1FCB1CA500A586A5 /* FantasyIsm.cpp */ = {isa = PBXFileReference; lastKnownFileType = sourcecode.cpp.cpp; path = FantasyIsm.cpp; sourceTree = "<group>"; };
		F9BFFEDC1FCB1CA500A586A5 /* FantasyIsm.h */ = {isa = PBXFileReference; lastKnownFileType = sourcecode.c.h; path = FantasyIsm.h; sourceTree = "<group>"; };
		F9F48BF51FCB110A001E343B /* EarthIsm */ = {isa = PBXFileReference; explicitFileType = "compiled.mach-o.executable"; includeInIndex = 0; path = EarthIsm; sourceTree = BUILT_PRODUCTS_DIR; };
		F9F48BF81FCB110A001E343B /* main.cpp */ = {isa = PBXFileReference; lastKnownFileType = sourcecode.cpp.cpp; path = main.cpp; sourceTree = "<group>"; };
/* End PBXFileReference section */

/* Begin PBXFrameworksBuildPhase section */
		F9F48BF21FCB110A001E343B /* Frameworks */ = {
			isa = PBXFrameworksBuildPhase;
			buildActionMask = 2147483647;
			files = (
			);
			runOnlyForDeploymentPostprocessing = 0;
		};
/* End PBXFrameworksBuildPhase section */

/* Begin PBXGroup section */
		F9999C6A1FCDB01000B35328 /* command */ = {
			isa = PBXGroup;
			children = (
				F9999C6B1FCDB03100B35328 /* Define.h */,
			);
			path = command;
			sourceTree = "<group>";
		};
		F9BFFECA1FCB17D900A586A5 /* core */ = {
			isa = PBXGroup;
			children = (
				F9BFFECB1FCB17D900A586A5 /* EarthIsm.cpp */,
				F9BFFECC1FCB17D900A586A5 /* EarthIsm.h */,
			);
			path = core;
			sourceTree = "<group>";
		};
		F9BFFECE1FCB19B600A586A5 /* selfish */ = {
			isa = PBXGroup;
			children = (
				F9BFFECF1FCB19D200A586A5 /* SelfishIsm.cpp */,
				F9BFFED01FCB19D200A586A5 /* SelfishIsm.h */,
			);
			path = selfish;
			sourceTree = "<group>";
		};
		F9BFFED21FCB1AAB00A586A5 /* reality */ = {
			isa = PBXGroup;
			children = (
				F9BFFED31FCB1ABE00A586A5 /* RealityIsm.cpp */,
				F9BFFED41FCB1ABE00A586A5 /* RealityIsm.h */,
			);
			path = reality;
			sourceTree = "<group>";
		};
		F9BFFED61FCB1BEA00A586A5 /* fantasy */ = {
			isa = PBXGroup;
			children = (
				F9BFFEDB1FCB1CA500A586A5 /* FantasyIsm.cpp */,
				F9BFFEDC1FCB1CA500A586A5 /* FantasyIsm.h */,
			);
			path = fantasy;
			sourceTree = "<group>";
		};
		F9BFFED71FCB1BEA00A586A5 /* terror */ = {
			isa = PBXGroup;
			children = (
				F9BFFED81FCB1BFC00A586A5 /* TerrorIsm.cpp */,
				F9BFFED91FCB1BFC00A586A5 /* TerrorIsm.h */,
			);
			path = terror;
			sourceTree = "<group>";
		};
		F9F48BEC1FCB110A001E343B = {
			isa = PBXGroup;
			children = (
				F9F48BF71FCB110A001E343B /* EarthIsm */,
				F9F48BF61FCB110A001E343B /* Products */,
			);
			sourceTree = "<group>";
		};
		F9F48BF61FCB110A001E343B /* Products */ = {
			isa = PBXGroup;
			children = (
				F9F48BF51FCB110A001E343B /* EarthIsm */,
			);
			name = Products;
			sourceTree = "<group>";
		};
		F9F48BF71FCB110A001E343B /* EarthIsm */ = {
			isa = PBXGroup;
			children = (
				F9999C6A1FCDB01000B35328 /* command */,
				F9BFFED61FCB1BEA00A586A5 /* fantasy */,
				F9BFFED71FCB1BEA00A586A5 /* terror */,
				F9BFFED21FCB1AAB00A586A5 /* reality */,
				F9BFFECE1FCB19B600A586A5 /* selfish */,
				F9BFFECA1FCB17D900A586A5 /* core */,
				F9F48BF81FCB110A001E343B /* main.cpp */,
			);
			path = EarthIsm;
			sourceTree = "<group>";
		};
/* End PBXGroup section */

/* Begin PBXNativeTarget section */
		F9F48BF41FCB110A001E343B /* EarthIsm */ = {
			isa = PBXNativeTarget;
			buildConfigurationList = F9F48BFC1FCB110A001E343B /* Build configuration list for PBXNativeTarget "EarthIsm" */;
			buildPhases = (
				F9F48BF11FCB110A001E343B /* Sources */,
				F9F48BF21FCB110A001E343B /* Frameworks */,
				F9F48BF31FCB110A001E343B /* CopyFiles */,
			);
			buildRules = (
			);
			dependencies = (
			);
			name = EarthIsm;
			productName = EarthIsm;
			productReference = F9F48BF51FCB110A001E343B /* EarthIsm */;
			productType = "com.apple.product-type.tool";
		};
/* End PBXNativeTarget section */

/* Begin PBXProject section */
		F9F48BED1FCB110A001E343B /* Project object */ = {
			isa = PBXProject;
			attributes = {
				LastUpgradeCheck = 0900;
				ORGANIZATIONNAME = EarthIsm;
				TargetAttributes = {
					F9F48BF41FCB110A001E343B = {
						CreatedOnToolsVersion = 9.0;
						ProvisioningStyle = Automatic;
					};
				};
			};
			buildConfigurationList = F9F48BF01FCB110A001E343B /* Build configuration list for PBXProject "EarthIsm" */;
			compatibilityVersion = "Xcode 8.0";
			developmentRegion = en;
			hasScannedForEncodings = 0;
			knownRegions = (
				en,
			);
			mainGroup = F9F48BEC1FCB110A001E343B;
			productRefGroup = F9F48BF61FCB110A001E343B /* Products */;
			projectDirPath = "";
			projectRoot = "";
			targets = (
				F9F48BF41FCB110A001E343B /* EarthIsm */,
			);
		};
/* End PBXProject section */

/* Begin PBXSourcesBuildPhase section */
		F9F48BF11FCB110A001E343B /* Sources */ = {
			isa = PBXSourcesBuildPhase;
			buildActionMask = 2147483647;
			files = (
				F9F48BF91FCB110A001E343B /* main.cpp in Sources */,
				F9BFFECD1FCB17D900A586A5 /* EarthIsm.cpp in Sources */,
				F9BFFED51FCB1ABE00A586A5 /* RealityIsm.cpp in Sources */,
				F9BFFEDA1FCB1BFC00A586A5 /* TerrorIsm.cpp in Sources */,
				F9BFFEDD1FCB1CA500A586A5 /* FantasyIsm.cpp in Sources */,
				F9BFFED11FCB19D200A586A5 /* SelfishIsm.cpp in Sources */,
			);
			runOnlyForDeploymentPostprocessing = 0;
		};
/* End PBXSourcesBuildPhase section */

/* Begin XCBuildConfiguration section */
		F9F48BFA1FCB110A001E343B /* Debug */ = {
			isa = XCBuildConfiguration;
			buildSettings = {
				ALWAYS_SEARCH_USER_PATHS = NO;
				CLANG_ANALYZER_NONNULL = YES;
				CLANG_ANALYZER_NUMBER_OBJECT_CONVERSION = YES_AGGRESSIVE;
				CLANG_CXX_LANGUAGE_STANDARD = "gnu++14";
				CLANG_CXX_LIBRARY = "libc++";
				CLANG_ENABLE_MODULES = YES;
				CLANG_ENABLE_OBJC_ARC = YES;
				CLANG_WARN_BLOCK_CAPTURE_AUTORELEASING = YES;
				CLANG_WARN_BOOL_CONVERSION = YES;
				CLANG_WARN_COMMA = YES;
				CLANG_WARN_CONSTANT_CONVERSION = YES;
				CLANG_WARN_DIRECT_OBJC_ISA_USAGE = YES_ERROR;
				CLANG_WARN_DOCUMENTATION_COMMENTS = YES;
				CLANG_WARN_EMPTY_BODY = YES;
				CLANG_WARN_ENUM_CONVERSION = YES;
				CLANG_WARN_INFINITE_RECURSION = YES;
				CLANG_WARN_INT_CONVERSION = YES;
				CLANG_WARN_NON_LITERAL_NULL_CONVERSION = YES;
				CLANG_WARN_OBJC_LITERAL_CONVERSION = YES;
				CLANG_WARN_OBJC_ROOT_CLASS = YES_ERROR;
				CLANG_WARN_RANGE_LOOP_ANALYSIS = YES;
				CLANG_WARN_STRICT_PROTOTYPES = YES;
				CLANG_WARN_SUSPICIOUS_MOVE = YES;
				CLANG_WARN_UNGUARDED_AVAILABILITY = YES_AGGRESSIVE;
				CLANG_WARN_UNREACHABLE_CODE = YES;
				CLANG_WARN__DUPLICATE_METHOD_MATCH = YES;
				CODE_SIGN_IDENTITY = "Mac Developer";
				COPY_PHASE_STRIP = NO;
				DEBUG_INFORMATION_FORMAT = dwarf;
				ENABLE_STRICT_OBJC_MSGSEND = YES;
				ENABLE_TESTABILITY = YES;
				GCC_C_LANGUAGE_STANDARD = gnu11;
				GCC_DYNAMIC_NO_PIC = NO;
				GCC_NO_COMMON_BLOCKS = YES;
				GCC_OPTIMIZATION_LEVEL = 0;
				GCC_PREPROCESSOR_DEFINITIONS = (
					"DEBUG=1",
					"$(inherited)",
				);
				GCC_WARN_64_TO_32_BIT_CONVERSION = YES;
				GCC_WARN_ABOUT_RETURN_TYPE = YES_ERROR;
				GCC_WARN_UNDECLARED_SELECTOR = YES;
				GCC_WARN_UNINITIALIZED_AUTOS = YES_AGGRESSIVE;
				GCC_WARN_UNUSED_FUNCTION = YES;
				GCC_WARN_UNUSED_VARIABLE = YES;
				MACOSX_DEPLOYMENT_TARGET = 10.12;
				MTL_ENABLE_DEBUG_INFO = YES;
				ONLY_ACTIVE_ARCH = YES;
				SDKROOT = macosx;
			};
			name = Debug;
		};
		F9F48BFB1FCB110A001E343B /* Release */ = {
			isa = XCBuildConfiguration;
			buildSettings = {
				ALWAYS_SEARCH_USER_PATHS = NO;
				CLANG_ANALYZER_NONNULL = YES;
				CLANG_ANALYZER_NUMBER_OBJECT_CONVERSION = YES_AGGRESSIVE;
				CLANG_CXX_LANGUAGE_STANDARD = "gnu++14";
				CLANG_CXX_LIBRARY = "libc++";
				CLANG_ENABLE_MODULES = YES;
				CLANG_ENABLE_OBJC_ARC = YES;
				CLANG_WARN_BLOCK_CAPTURE_AUTORELEASING = YES;
				CLANG_WARN_BOOL_CONVERSION = YES;
				CLANG_WARN_COMMA = YES;
				CLANG_WARN_CONSTANT_CONVERSION = YES;
				CLANG_WARN_DIRECT_OBJC_ISA_USAGE = YES_ERROR;
				CLANG_WARN_DOCUMENTATION_COMMENTS = YES;
				CLANG_WARN_EMPTY_BODY = YES;
				CLANG_WARN_ENUM_CONVERSION = YES;
				CLANG_WARN_INFINITE_RECURSION = YES;
				CLANG_WARN_INT_CONVERSION = YES;
				CLANG_WARN_NON_LITERAL_NULL_CONVERSION = YES;
				CLANG_WARN_OBJC_LITERAL_CONVERSION = YES;
				CLANG_WARN_OBJC_ROOT_CLASS = YES_ERROR;
				CLANG_WARN_RANGE_LOOP_ANALYSIS = YES;
				CLANG_WARN_STRICT_PROTOTYPES = YES;
				CLANG_WARN_SUSPICIOUS_MOVE = YES;
				CLANG_WARN_UNGUARDED_AVAILABILITY = YES_AGGRESSIVE;
				CLANG_WARN_UNREACHABLE_CODE = YES;
				CLANG_WARN__DUPLICATE_METHOD_MATCH = YES;
				CODE_SIGN_IDENTITY = "Mac Developer";
				COPY_PHASE_STRIP = NO;
				DEBUG_INFORMATION_FORMAT = "dwarf-with-dsym";
				ENABLE_NS_ASSERTIONS = NO;
				ENABLE_STRICT_OBJC_MSGSEND = YES;
				GCC_C_LANGUAGE_STANDARD = gnu11;
				GCC_NO_COMMON_BLOCKS = YES;
				GCC_WARN_64_TO_32_BIT_CONVERSION = YES;
				GCC_WARN_ABOUT_RETURN_TYPE = YES_ERROR;
				GCC_WARN_UNDECLARED_SELECTOR = YES;
				GCC_WARN_UNINITIALIZED_AUTOS = YES_AGGRESSIVE;
				GCC_WARN_UNUSED_FUNCTION = YES;
				GCC_WARN_UNUSED_VARIABLE = YES;
				MACOSX_DEPLOYMENT_TARGET = 10.12;
				MTL_ENABLE_DEBUG_INFO = NO;
				SDKROOT = macosx;
			};
			name = Release;
		};
		F9F48BFD1FCB110A001E343B /* Debug */ = {
			isa = XCBuildConfiguration;
			buildSettings = {
				CODE_SIGN_STYLE = Automatic;
				DEVELOPMENT_TEAM = R87CTDL2QD;
				PRODUCT_NAME = "$(TARGET_NAME)";
			};
			name = Debug;
		};
		F9F48BFE1FCB110A001E343B /* Release */ = {
			isa = XCBuildConfiguration;
			buildSettings = {
				CODE_SIGN_STYLE = Automatic;
				DEVELOPMENT_TEAM = R87CTDL2QD;
				PRODUCT_NAME = "$(TARGET_NAME)";
			};
			name = Release;
		};
/* End XCBuildConfiguration section */

/* Begin XCConfigurationList section */
		F9F48BF01FCB110A001E343B /* Build configuration list for PBXProject "EarthIsm" */ = {
			isa = XCConfigurationList;
			buildConfigurations = (
				F9F48BFA1FCB110A001E343B /* Debug */,
				F9F48BFB1FCB110A001E343B /* Release */,
			);
			defaultConfigurationIsVisible = 0;
			defaultConfigurationName = Release;
		};
		F9F48BFC1FCB110A001E343B /* Build configuration list for PBXNativeTarget "EarthIsm" */ = {
			isa = XCConfigurationList;
			buildConfigurations = (
				F9F48BFD1FCB110A001E343B /* Debug */,
				F9F48BFE1FCB110A001E343B /* Release */,
			);
			defaultConfigurationIsVisible = 0;
			defaultConfigurationName = Release;
		};
/* End XCConfigurationList section */
	};
	rootObject = F9F48BED1FCB110A001E343B /* Project object */;
}
